
Microsoft Visual Studio Solution File, Format Version 12.00
# Visual Studio Version 17
VisualStudioVersion = 17.7.34024.191
MinimumVisualStudioVersion = 10.0.40219.1
Project("{FAE04EC0-301F-11D3-BF4B-00C04F79EFBC}") = "WinkingCat", "WinkingCat.csproj", "{D3039595-1B90-451D-B853-3B6FD48C19E5}"
EndProject
Global
	GlobalSection(SolutionConfigurationPlatforms) = preSolution
		Debug|Any CPU = Debug|Any CPU
		Release|Any CPU = Release|Any CPU
		Steam|Any CPU = Steam|Any CPU
		WindowsStore|Any CPU = WindowsStore|Any CPU
		WindowsStoreDebug|Any CPU = WindowsStoreDebug|Any CPU
	EndGlobalSection
	GlobalSection(ProjectConfigurationPlatforms) = postSolution
		{D3039595-1B90-451D-B853-3B6FD48C19E5}.Debug|Any CPU.ActiveCfg = Debug|Any CPU
		{D3039595-1B90-451D-B853-3B6FD48C19E5}.Debug|Any CPU.Build.0 = Debug|Any CPU
		{D3039595-1B90-451D-B853-3B6FD48C19E5}.Release|Any CPU.ActiveCfg = Release|Any CPU
		{D3039595-1B90-451D-B853-3B6FD48C19E5}.Release|Any CPU.Build.0 = Release|Any CPU
		{D3039595-1B90-451D-B853-3B6FD48C19E5}.Steam|Any CPU.ActiveCfg = Release|Any CPU
		{D3039595-1B90-451D-B853-3B6FD48C19E5}.Steam|Any CPU.Build.0 = Release|Any CPU
		{D3039595-1B90-451D-B853-3B6FD48C19E5}.WindowsStore|Any CPU.ActiveCfg = Release|Any CPU
		{D3039595-1B90-451D-B853-3B6FD48C19E5}.WindowsStore|Any CPU.Build.0 = Release|Any CPU
		{D3039595-1B90-451D-B853-3B6FD48C19E5}.WindowsStoreDebug|Any CPU.ActiveCfg = Debug|Any CPU
		{D3039595-1B90-451D-B853-3B6FD48C19E5}.WindowsStoreDebug|Any CPU.Build.0 = Debug|Any CPU
	EndGlobalSection
	GlobalSection(SolutionProperties) = preSolution
		HideSolutionNode = FALSE
	EndGlobalSection
	GlobalSection(ExtensibilityGlobals) = postSolution
		SolutionGuid = {11A1AE24-28C7-4846-9EB0-9C01DA39BC78}
	EndGlobalSection
EndGlobal
